
Microsoft Visual Studio Solution File, Format Version 12.00
# Visual Studio 2012
Project("{FAE04EC0-301F-11D3-BF4B-00C04F79EFBC}") = "MasterProgramming", "MasterProgramming\MasterProgramming.csproj", "{638DEF35-245A-420F-9BC7-85B195B0332D}"
EndProject
Project("{FAE04EC0-301F-11D3-BF4B-00C04F79EFBC}") = "Usendim", "..\Usendim\Usendim\Usendim.csproj", "{E2C65665-1BEA-4BB8-A514-EF6C3CDF64AA}"
EndProject
Global
	GlobalSection(SolutionConfigurationPlatforms) = preSolution
		Debug|Any CPU = Debug|Any CPU
		Release|Any CPU = Release|Any CPU
	EndGlobalSection
	GlobalSection(ProjectConfigurationPlatforms) = postSolution
		{638DEF35-245A-420F-9BC7-85B195B0332D}.Debug|Any CPU.ActiveCfg = Debug|Any CPU
		{638DEF35-245A-420F-9BC7-85B195B0332D}.Debug|Any CPU.Build.0 = Debug|Any CPU
		{638DEF35-245A-420F-9BC7-85B195B0332D}.Release|Any CPU.ActiveCfg = Release|Any CPU
		{638DEF35-245A-420F-9BC7-85B195B0332D}.Release|Any CPU.Build.0 = Release|Any CPU
		{E2C65665-1BEA-4BB8-A514-EF6C3CDF64AA}.Debug|Any CPU.ActiveCfg = Debug|Any CPU
		{E2C65665-1BEA-4BB8-A514-EF6C3CDF64AA}.Debug|Any CPU.Build.0 = Debug|Any CPU
		{E2C65665-1BEA-4BB8-A514-EF6C3CDF64AA}.Release|Any CPU.ActiveCfg = Release|Any CPU
		{E2C65665-1BEA-4BB8-A514-EF6C3CDF64AA}.Release|Any CPU.Build.0 = Release|Any CPU
	EndGlobalSection
	GlobalSection(SolutionProperties) = preSolution
		HideSolutionNode = FALSE
	EndGlobalSection
EndGlobal
